
Microsoft Visual Studio Solution File, Format Version 12.00
# Visual Studio Version 17
VisualStudioVersion = 17.0.31919.166
MinimumVisualStudioVersion = 10.0.40219.1
Project("{FAE04EC0-301F-11D3-BF4B-00C04F79EFBC}") = "GraphProg", "GraphProg\GraphProg.csproj", "{C04A448A-D5FF-44C2-B5B1-7675E88AA8CF}"
EndProject
Project("{FAE04EC0-301F-11D3-BF4B-00C04F79EFBC}") = "Scraper", "Scraper\Scraper.csproj", "{AB9649C2-895F-4266-95AD-E27BA7FC2516}"
EndProject
Global
	GlobalSection(SolutionConfigurationPlatforms) = preSolution
		Debug|Any CPU = Debug|Any CPU
		Release|Any CPU = Release|Any CPU
	EndGlobalSection
	GlobalSection(ProjectConfigurationPlatforms) = postSolution
		{C04A448A-D5FF-44C2-B5B1-7675E88AA8CF}.Debug|Any CPU.ActiveCfg = Debug|Any CPU
		{C04A448A-D5FF-44C2-B5B1-7675E88AA8CF}.Debug|Any CPU.Build.0 = Debug|Any CPU
		{C04A448A-D5FF-44C2-B5B1-7675E88AA8CF}.Release|Any CPU.ActiveCfg = Release|Any CPU
		{C04A448A-D5FF-44C2-B5B1-7675E88AA8CF}.Release|Any CPU.Build.0 = Release|Any CPU
		{AB9649C2-895F-4266-95AD-E27BA7FC2516}.Debug|Any CPU.ActiveCfg = Debug|Any CPU
		{AB9649C2-895F-4266-95AD-E27BA7FC2516}.Debug|Any CPU.Build.0 = Debug|Any CPU
		{AB9649C2-895F-4266-95AD-E27BA7FC2516}.Release|Any CPU.ActiveCfg = Release|Any CPU
		{AB9649C2-895F-4266-95AD-E27BA7FC2516}.Release|Any CPU.Build.0 = Release|Any CPU
	EndGlobalSection
	GlobalSection(SolutionProperties) = preSolution
		HideSolutionNode = FALSE
	EndGlobalSection
	GlobalSection(ExtensibilityGlobals) = postSolution
		SolutionGuid = {926791AB-5885-4CAE-A7A1-D736972D604F}
	EndGlobalSection
EndGlobal
